
Microsoft Visual Studio Solution File, Format Version 12.00
# Visual Studio Version 16
VisualStudioVersion = 16.0.34407.143
MinimumVisualStudioVersion = 10.0.40219.1
Project("{FAE04EC0-301F-11D3-BF4B-00C04F79EFBC}") = "TwentyOneCard", "TwentyOneCard\TwentyOneCard.csproj", "{4826D1F7-A81F-421C-985B-7B3E0E8B4AEA}"
EndProject
Global
	GlobalSection(SolutionConfigurationPlatforms) = preSolution
		Debug|Any CPU = Debug|Any CPU
		Release|Any CPU = Release|Any CPU
	EndGlobalSection
	GlobalSection(ProjectConfigurationPlatforms) = postSolution
		{4826D1F7-A81F-421C-985B-7B3E0E8B4AEA}.Debug|Any CPU.ActiveCfg = Debug|Any CPU
		{4826D1F7-A81F-421C-985B-7B3E0E8B4AEA}.Debug|Any CPU.Build.0 = Debug|Any CPU
		{4826D1F7-A81F-421C-985B-7B3E0E8B4AEA}.Release|Any CPU.ActiveCfg = Release|Any CPU
		{4826D1F7-A81F-421C-985B-7B3E0E8B4AEA}.Release|Any CPU.Build.0 = Release|Any CPU
	EndGlobalSection
	GlobalSection(SolutionProperties) = preSolution
		HideSolutionNode = FALSE
	EndGlobalSection
	GlobalSection(ExtensibilityGlobals) = postSolution
		SolutionGuid = {5DEB4C44-A5DE-40B9-BC38-7ACDCC57E7B9}
	EndGlobalSection
EndGlobal
